{
  "lockfile_version": "1",
  "packages": {
    "github:NixOS/nixpkgs/nixpkgs-unstable": {
      "last_modified": "2025-12-11T04:04:52Z",
      "resolved": "github:NixOS/nixpkgs/5d6bdbddb4695a62f0d00a3620b37a15275a5093?lastModified=1765425892&narHash=sha256-jlQpSkg2sK6IJVzTQBDyRxQZgKADC2HKMRfGCSgNMHo%3D"
    },
    "nodejs@24": {
      "last_modified": "2025-12-05T15:03:55Z",
      "plugin_version": "0.0.2",
      "resolved": "github:NixOS/nixpkgs/a672be65651c80d3f592a89b3945466584a22069#nodejs_24",
      "source": "devbox-search",
      "version": "24.11.1",
      "systems": {
        "aarch64-darwin": {
          "outputs": [
            {
              "name": "out",
              "path": "/nix/store/h57ln4r40qr349z1r8ri90n9i9xid3r5-nodejs-24.11.1",
              "default": true
            },
            {
              "name": "libv8",
              "path": "/nix/store/h4ad12n85c04b2c5c1a4r8r5qr4i1afn-nodejs-24.11.1-libv8"
            },
            {
              "name": "dev",
              "path": "/nix/store/akmrc34ry4wil7wq8ghxbh2dpvikschh-nodejs-24.11.1-dev"
            }
          ],
          "store_path": "/nix/store/h57ln4r40qr349z1r8ri90n9i9xid3r5-nodejs-24.11.1"
        },
        "aarch64-linux": {
          "outputs": [
            {
              "name": "out",
              "path": "/nix/store/r46dnkahacvrnavv5945aizq8b61kbwc-nodejs-24.11.1",
              "default": true
            },
            {
              "name": "dev",
              "path": "/nix/store/82gbs5sgm1gpggsalpdlnxjkvr7bnkcc-nodejs-24.11.1-dev"
            },
            {
              "name": "libv8",
              "path": "/nix/store/7ihzshxrnl1xh935ff8va57aw1avwk5j-nodejs-24.11.1-libv8"
            }
          ],
          "store_path": "/nix/store/r46dnkahacvrnavv5945aizq8b61kbwc-nodejs-24.11.1"
        },
        "x86_64-darwin": {
          "outputs": [
            {
              "name": "out",
              "path": "/nix/store/68d27bbipwcv99inwbs6fb7vxbgd4q6j-nodejs-24.11.1",
              "default": true
            },
            {
              "name": "dev",
              "path": "/nix/store/xj8y0v2v5ssdxbpz1bz9yivn109g3i4x-nodejs-24.11.1-dev"
            },
            {
              "name": "libv8",
              "path": "/nix/store/136306lidz9kx8dlka3l2sf1q9i6ilc3-nodejs-24.11.1-libv8"
            }
          ],
          "store_path": "/nix/store/68d27bbipwcv99inwbs6fb7vxbgd4q6j-nodejs-24.11.1"
        },
        "x86_64-linux": {
          "outputs": [
            {
              "name": "out",
              "path": "/nix/store/lgggxsrdzisnbligi7irlh4qmqczs0xk-nodejs-24.11.1",
              "default": true
            },
            {
              "name": "dev",
              "path": "/nix/store/qayyvn6vq1yx49lr30kkrpdl1jy99752-nodejs-24.11.1-dev"
            },
            {
              "name": "libv8",
              "path": "/nix/store/i9s2w9xib1fbqrc2qmmyz17frhpvkmsk-nodejs-24.11.1-libv8"
            }
          ],
          "store_path": "/nix/store/lgggxsrdzisnbligi7irlh4qmqczs0xk-nodejs-24.11.1"
        }
      }
    }
  }
}
